
Microsoft Visual Studio Solution File, Format Version 12.00
# Visual Studio 15
Project("{FAE04EC0-301F-11D3-BF4B-00C04F79EFBC}") = "AllLayoutsApp", "AllLayoutsApp\AllLayoutsApp\AllLayoutsApp.csproj", "{0B51EF62-1E54-4AF0-8D97-3779098C3189}"
EndProject
Project("{FAE04EC0-301F-11D3-BF4B-00C04F79EFBC}") = "AllLayoutsApp.Android", "AllLayoutsApp\AllLayoutsApp.Android\AllLayoutsApp.Android.csproj", "{B836EE00-A020-4F43-98AC-3C143A994E41}"
EndProject
Project("{FAE04EC0-301F-11D3-BF4B-00C04F79EFBC}") = "AllLayoutsApp.iOS", "AllLayoutsApp\AllLayoutsApp.iOS\AllLayoutsApp.iOS.csproj", "{706E7E73-1C01-48DA-8536-7DC4AD214A6C}"
EndProject
Global
	GlobalSection(SolutionConfigurationPlatforms) = preSolution
		Debug|Any CPU = Debug|Any CPU
		Release|Any CPU = Release|Any CPU
		Debug|iPhoneSimulator = Debug|iPhoneSimulator
		Release|iPhoneSimulator = Release|iPhoneSimulator
		Debug|iPhone = Debug|iPhone
		Release|iPhone = Release|iPhone
		Ad-Hoc|iPhone = Ad-Hoc|iPhone
		AppStore|iPhone = AppStore|iPhone
	EndGlobalSection
	GlobalSection(ProjectConfigurationPlatforms) = postSolution
		{0B51EF62-1E54-4AF0-8D97-3779098C3189}.Debug|Any CPU.ActiveCfg = Debug|Any CPU
		{0B51EF62-1E54-4AF0-8D97-3779098C3189}.Debug|Any CPU.Build.0 = Debug|Any CPU
		{0B51EF62-1E54-4AF0-8D97-3779098C3189}.Release|Any CPU.ActiveCfg = Release|Any CPU
		{0B51EF62-1E54-4AF0-8D97-3779098C3189}.Release|Any CPU.Build.0 = Release|Any CPU
		{0B51EF62-1E54-4AF0-8D97-3779098C3189}.Debug|iPhoneSimulator.ActiveCfg = Debug|Any CPU
		{0B51EF62-1E54-4AF0-8D97-3779098C3189}.Debug|iPhoneSimulator.Build.0 = Debug|Any CPU
		{0B51EF62-1E54-4AF0-8D97-3779098C3189}.Release|iPhoneSimulator.ActiveCfg = Release|Any CPU
		{0B51EF62-1E54-4AF0-8D97-3779098C3189}.Release|iPhoneSimulator.Build.0 = Release|Any CPU
		{0B51EF62-1E54-4AF0-8D97-3779098C3189}.Debug|iPhone.ActiveCfg = Debug|Any CPU
		{0B51EF62-1E54-4AF0-8D97-3779098C3189}.Debug|iPhone.Build.0 = Debug|Any CPU
		{0B51EF62-1E54-4AF0-8D97-3779098C3189}.Release|iPhone.ActiveCfg = Release|Any CPU
		{0B51EF62-1E54-4AF0-8D97-3779098C3189}.Release|iPhone.Build.0 = Release|Any CPU
		{0B51EF62-1E54-4AF0-8D97-3779098C3189}.Ad-Hoc|iPhone.ActiveCfg = Debug|Any CPU
		{0B51EF62-1E54-4AF0-8D97-3779098C3189}.Ad-Hoc|iPhone.Build.0 = Debug|Any CPU
		{0B51EF62-1E54-4AF0-8D97-3779098C3189}.AppStore|iPhone.ActiveCfg = Debug|Any CPU
		{0B51EF62-1E54-4AF0-8D97-3779098C3189}.AppStore|iPhone.Build.0 = Debug|Any CPU
		{B836EE00-A020-4F43-98AC-3C143A994E41}.Debug|Any CPU.ActiveCfg = Debug|Any CPU
		{B836EE00-A020-4F43-98AC-3C143A994E41}.Debug|Any CPU.Build.0 = Debug|Any CPU
		{B836EE00-A020-4F43-98AC-3C143A994E41}.Release|Any CPU.ActiveCfg = Release|Any CPU
		{B836EE00-A020-4F43-98AC-3C143A994E41}.Release|Any CPU.Build.0 = Release|Any CPU
		{B836EE00-A020-4F43-98AC-3C143A994E41}.Debug|iPhoneSimulator.ActiveCfg = Debug|Any CPU
		{B836EE00-A020-4F43-98AC-3C143A994E41}.Debug|iPhoneSimulator.Build.0 = Debug|Any CPU
		{B836EE00-A020-4F43-98AC-3C143A994E41}.Release|iPhoneSimulator.ActiveCfg = Release|Any CPU
		{B836EE00-A020-4F43-98AC-3C143A994E41}.Release|iPhoneSimulator.Build.0 = Release|Any CPU
		{B836EE00-A020-4F43-98AC-3C143A994E41}.Debug|iPhone.ActiveCfg = Debug|Any CPU
		{B836EE00-A020-4F43-98AC-3C143A994E41}.Debug|iPhone.Build.0 = Debug|Any CPU
		{B836EE00-A020-4F43-98AC-3C143A994E41}.Release|iPhone.ActiveCfg = Release|Any CPU
		{B836EE00-A020-4F43-98AC-3C143A994E41}.Release|iPhone.Build.0 = Release|Any CPU
		{B836EE00-A020-4F43-98AC-3C143A994E41}.Ad-Hoc|iPhone.ActiveCfg = Debug|Any CPU
		{B836EE00-A020-4F43-98AC-3C143A994E41}.Ad-Hoc|iPhone.Build.0 = Debug|Any CPU
		{B836EE00-A020-4F43-98AC-3C143A994E41}.AppStore|iPhone.ActiveCfg = Debug|Any CPU
		{B836EE00-A020-4F43-98AC-3C143A994E41}.AppStore|iPhone.Build.0 = Debug|Any CPU
		{706E7E73-1C01-48DA-8536-7DC4AD214A6C}.Debug|Any CPU.ActiveCfg = Debug|iPhoneSimulator
		{706E7E73-1C01-48DA-8536-7DC4AD214A6C}.Debug|Any CPU.Build.0 = Debug|iPhoneSimulator
		{706E7E73-1C01-48DA-8536-7DC4AD214A6C}.Release|Any CPU.ActiveCfg = Release|iPhoneSimulator
		{706E7E73-1C01-48DA-8536-7DC4AD214A6C}.Release|Any CPU.Build.0 = Release|iPhoneSimulator
		{706E7E73-1C01-48DA-8536-7DC4AD214A6C}.Debug|iPhoneSimulator.ActiveCfg = Debug|iPhoneSimulator
		{706E7E73-1C01-48DA-8536-7DC4AD214A6C}.Debug|iPhoneSimulator.Build.0 = Debug|iPhoneSimulator
		{706E7E73-1C01-48DA-8536-7DC4AD214A6C}.Release|iPhoneSimulator.ActiveCfg = Release|iPhoneSimulator
		{706E7E73-1C01-48DA-8536-7DC4AD214A6C}.Release|iPhoneSimulator.Build.0 = Release|iPhoneSimulator
		{706E7E73-1C01-48DA-8536-7DC4AD214A6C}.Debug|iPhone.ActiveCfg = Debug|iPhone
		{706E7E73-1C01-48DA-8536-7DC4AD214A6C}.Debug|iPhone.Build.0 = Debug|iPhone
		{706E7E73-1C01-48DA-8536-7DC4AD214A6C}.Release|iPhone.ActiveCfg = Release|iPhone
		{706E7E73-1C01-48DA-8536-7DC4AD214A6C}.Release|iPhone.Build.0 = Release|iPhone
		{706E7E73-1C01-48DA-8536-7DC4AD214A6C}.Ad-Hoc|iPhone.ActiveCfg = Ad-Hoc|iPhone
		{706E7E73-1C01-48DA-8536-7DC4AD214A6C}.Ad-Hoc|iPhone.Build.0 = Ad-Hoc|iPhone
		{706E7E73-1C01-48DA-8536-7DC4AD214A6C}.AppStore|iPhone.ActiveCfg = AppStore|iPhone
		{706E7E73-1C01-48DA-8536-7DC4AD214A6C}.AppStore|iPhone.Build.0 = AppStore|iPhone
	EndGlobalSection
EndGlobal
